
Microsoft Visual Studio Solution File, Format Version 12.00
# Visual Studio Version 17
VisualStudioVersion = 17.8.34322.80
MinimumVisualStudioVersion = 10.0.40219.1
Project("{FAE04EC0-301F-11D3-BF4B-00C04F79EFBC}") = "WindowsReboot", "WindowsReboot\WindowsReboot.csproj", "{C407B401-6749-4430-AC5C-8923572A0EA5}"
EndProject
Project("{FAE04EC0-301F-11D3-BF4B-00C04F79EFBC}") = "WindowsReboot.Tests", "WindowsReboot.Tests\WindowsReboot.Tests.csproj", "{738C66BC-F74F-47E5-A526-0C565CD1911F}"
EndProject
Project("{FAE04EC0-301F-11D3-BF4B-00C04F79EFBC}") = "WindowsReboot.Domain", "WindowsReboot.Core\WindowsReboot.Domain.csproj", "{76665CCC-6451-4CAF-893B-7DA3D7F6EAD0}"
EndProject
Project("{9A19103F-16F7-4668-BE54-9A1E7A4F7556}") = "WindowsReboot.Ports.SystemAccess", "WindowsReboot.Ports.SystemAccess\WindowsReboot.Ports.SystemAccess.csproj", "{CA55A116-6AA7-4222-9686-2D57B4CD5E58}"
EndProject
Project("{9A19103F-16F7-4668-BE54-9A1E7A4F7556}") = "WindowsReboot.SystemAccess", "WindowsReboot.SystemAccess\WindowsReboot.SystemAccess.csproj", "{1D579956-B6C4-4FBF-BAC9-E749EA8C8662}"
EndProject
Project("{9A19103F-16F7-4668-BE54-9A1E7A4F7556}") = "WindowsReboot.Ports.UserAccess", "WindowsReboot.Ports.UserAccess\WindowsReboot.Ports.UserAccess.csproj", "{1A1B92B9-47D6-4F20-9F29-9E009B817ADF}"
EndProject
Project("{2150E333-8FDC-42A3-9474-1A3956D46DE8}") = "Ports", "Ports", "{65ACE60B-F696-4842-B8B2-1B8E7AC91642}"
EndProject
Project("{2150E333-8FDC-42A3-9474-1A3956D46DE8}") = "Adapters", "Adapters", "{B1F5C43A-0715-410E-9469-E3DBE8D729D4}"
EndProject
Project("{FAE04EC0-301F-11D3-BF4B-00C04F79EFBC}") = "WindowsReboot.UserAccess", "WindowsReboot.UserAccess\WindowsReboot.UserAccess.csproj", "{3D0B14FF-253A-435E-9031-673C7F672067}"
EndProject
Project("{9A19103F-16F7-4668-BE54-9A1E7A4F7556}") = "WindowsReboot.Application", "WindowsReboot.Application\WindowsReboot.Application.csproj", "{95DFED73-834B-48B6-9956-AA891309C9C6}"
EndProject
Project("{FAE04EC0-301F-11D3-BF4B-00C04F79EFBC}") = "WindowsReboot.Presentation", "WindowsReboot.Presentation\WindowsReboot.Presentation.csproj", "{3A4BBBB2-47AC-4355-8EFA-E1A1CF65FBA0}"
EndProject
Project("{9A19103F-16F7-4668-BE54-9A1E7A4F7556}") = "WindowsReboot.Ports.ConfigAccess", "WindowsReboot.Ports.ConfigAccess\WindowsReboot.Ports.ConfigAccess.csproj", "{52315771-8889-4DB8-BAE1-48A420728D49}"
EndProject
Project("{9A19103F-16F7-4668-BE54-9A1E7A4F7556}") = "WindowsReboot.ConfigAccess", "WindowsReboot.ConfigAccess\WindowsReboot.ConfigAccess.csproj", "{E361EAE2-D408-4DDA-ABD3-81AF3CCBF612}"
EndProject
Project("{9A19103F-16F7-4668-BE54-9A1E7A4F7556}") = "WorkerEngine", "WorkersEngine\WorkerEngine.csproj", "{4EF538E6-CE2C-4125-ACE8-83D4A9756491}"
EndProject
Project("{9A19103F-16F7-4668-BE54-9A1E7A4F7556}") = "WorkerEngine.Setup.Autofac", "WorkersEngine.Setup.Autofac\WorkerEngine.Setup.Autofac.csproj", "{18C3ABB0-E98A-4F60-8A6D-68B811DDC8F8}"
EndProject
Project("{2150E333-8FDC-42A3-9474-1A3956D46DE8}") = "Infrastructure", "Infrastructure", "{C43E57B7-4545-4911-9885-BFD6D08211AE}"
EndProject
Project("{FAE04EC0-301F-11D3-BF4B-00C04F79EFBC}") = "WinFormsAdditions", "WinFormsAdditions\WinFormsAdditions.csproj", "{A47C0D20-17D8-4B63-BE9A-F1F14CA4A64D}"
EndProject
Project("{9A19103F-16F7-4668-BE54-9A1E7A4F7556}") = "EventBusEngine", "EventBusEngine\EventBusEngine.csproj", "{B7AC38A9-718C-4102-8862-D50FDD897B31}"
EndProject
Project("{9A19103F-16F7-4668-BE54-9A1E7A4F7556}") = "WindowsReboot.Workers", "WindowsReboot.BackgroundWorkers\WindowsReboot.Workers.csproj", "{51F474F7-2443-496B-AFC5-ABA7BCBA5FA1}"
EndProject
Global
	GlobalSection(SolutionConfigurationPlatforms) = preSolution
		Debug|Any CPU = Debug|Any CPU
		Release|Any CPU = Release|Any CPU
	EndGlobalSection
	GlobalSection(ProjectConfigurationPlatforms) = postSolution
		{C407B401-6749-4430-AC5C-8923572A0EA5}.Debug|Any CPU.ActiveCfg = Debug|Any CPU
		{C407B401-6749-4430-AC5C-8923572A0EA5}.Debug|Any CPU.Build.0 = Debug|Any CPU
		{C407B401-6749-4430-AC5C-8923572A0EA5}.Release|Any CPU.ActiveCfg = Release|Any CPU
		{C407B401-6749-4430-AC5C-8923572A0EA5}.Release|Any CPU.Build.0 = Release|Any CPU
		{738C66BC-F74F-47E5-A526-0C565CD1911F}.Debug|Any CPU.ActiveCfg = Debug|Any CPU
		{738C66BC-F74F-47E5-A526-0C565CD1911F}.Debug|Any CPU.Build.0 = Debug|Any CPU
		{738C66BC-F74F-47E5-A526-0C565CD1911F}.Release|Any CPU.ActiveCfg = Release|Any CPU
		{738C66BC-F74F-47E5-A526-0C565CD1911F}.Release|Any CPU.Build.0 = Release|Any CPU
		{76665CCC-6451-4CAF-893B-7DA3D7F6EAD0}.Debug|Any CPU.ActiveCfg = Debug|Any CPU
		{76665CCC-6451-4CAF-893B-7DA3D7F6EAD0}.Debug|Any CPU.Build.0 = Debug|Any CPU
		{76665CCC-6451-4CAF-893B-7DA3D7F6EAD0}.Release|Any CPU.ActiveCfg = Release|Any CPU
		{76665CCC-6451-4CAF-893B-7DA3D7F6EAD0}.Release|Any CPU.Build.0 = Release|Any CPU
		{CA55A116-6AA7-4222-9686-2D57B4CD5E58}.Debug|Any CPU.ActiveCfg = Debug|Any CPU
		{CA55A116-6AA7-4222-9686-2D57B4CD5E58}.Debug|Any CPU.Build.0 = Debug|Any CPU
		{CA55A116-6AA7-4222-9686-2D57B4CD5E58}.Release|Any CPU.ActiveCfg = Release|Any CPU
		{CA55A116-6AA7-4222-9686-2D57B4CD5E58}.Release|Any CPU.Build.0 = Release|Any CPU
		{1D579956-B6C4-4FBF-BAC9-E749EA8C8662}.Debug|Any CPU.ActiveCfg = Debug|Any CPU
		{1D579956-B6C4-4FBF-BAC9-E749EA8C8662}.Debug|Any CPU.Build.0 = Debug|Any CPU
		{1D579956-B6C4-4FBF-BAC9-E749EA8C8662}.Release|Any CPU.ActiveCfg = Release|Any CPU
		{1D579956-B6C4-4FBF-BAC9-E749EA8C8662}.Release|Any CPU.Build.0 = Release|Any CPU
		{1A1B92B9-47D6-4F20-9F29-9E009B817ADF}.Debug|Any CPU.ActiveCfg = Debug|Any CPU
		{1A1B92B9-47D6-4F20-9F29-9E009B817ADF}.Debug|Any CPU.Build.0 = Debug|Any CPU
		{1A1B92B9-47D6-4F20-9F29-9E009B817ADF}.Release|Any CPU.ActiveCfg = Release|Any CPU
		{1A1B92B9-47D6-4F20-9F29-9E009B817ADF}.Release|Any CPU.Build.0 = Release|Any CPU
		{3D0B14FF-253A-435E-9031-673C7F672067}.Debug|Any CPU.ActiveCfg = Debug|Any CPU
		{3D0B14FF-253A-435E-9031-673C7F672067}.Debug|Any CPU.Build.0 = Debug|Any CPU
		{3D0B14FF-253A-435E-9031-673C7F672067}.Release|Any CPU.ActiveCfg = Release|Any CPU
		{3D0B14FF-253A-435E-9031-673C7F672067}.Release|Any CPU.Build.0 = Release|Any CPU
		{95DFED73-834B-48B6-9956-AA891309C9C6}.Debug|Any CPU.ActiveCfg = Debug|Any CPU
		{95DFED73-834B-48B6-9956-AA891309C9C6}.Debug|Any CPU.Build.0 = Debug|Any CPU
		{95DFED73-834B-48B6-9956-AA891309C9C6}.Release|Any CPU.ActiveCfg = Release|Any CPU
		{95DFED73-834B-48B6-9956-AA891309C9C6}.Release|Any CPU.Build.0 = Release|Any CPU
		{3A4BBBB2-47AC-4355-8EFA-E1A1CF65FBA0}.Debug|Any CPU.ActiveCfg = Debug|Any CPU
		{3A4BBBB2-47AC-4355-8EFA-E1A1CF65FBA0}.Debug|Any CPU.Build.0 = Debug|Any CPU
		{3A4BBBB2-47AC-4355-8EFA-E1A1CF65FBA0}.Release|Any CPU.ActiveCfg = Release|Any CPU
		{3A4BBBB2-47AC-4355-8EFA-E1A1CF65FBA0}.Release|Any CPU.Build.0 = Release|Any CPU
		{52315771-8889-4DB8-BAE1-48A420728D49}.Debug|Any CPU.ActiveCfg = Debug|Any CPU
		{52315771-8889-4DB8-BAE1-48A420728D49}.Debug|Any CPU.Build.0 = Debug|Any CPU
		{52315771-8889-4DB8-BAE1-48A420728D49}.Release|Any CPU.ActiveCfg = Release|Any CPU
		{52315771-8889-4DB8-BAE1-48A420728D49}.Release|Any CPU.Build.0 = Release|Any CPU
		{E361EAE2-D408-4DDA-ABD3-81AF3CCBF612}.Debug|Any CPU.ActiveCfg = Debug|Any CPU
		{E361EAE2-D408-4DDA-ABD3-81AF3CCBF612}.Debug|Any CPU.Build.0 = Debug|Any CPU
		{E361EAE2-D408-4DDA-ABD3-81AF3CCBF612}.Release|Any CPU.ActiveCfg = Release|Any CPU
		{E361EAE2-D408-4DDA-ABD3-81AF3CCBF612}.Release|Any CPU.Build.0 = Release|Any CPU
		{4EF538E6-CE2C-4125-ACE8-83D4A9756491}.Debug|Any CPU.ActiveCfg = Debug|Any CPU
		{4EF538E6-CE2C-4125-ACE8-83D4A9756491}.Debug|Any CPU.Build.0 = Debug|Any CPU
		{4EF538E6-CE2C-4125-ACE8-83D4A9756491}.Release|Any CPU.ActiveCfg = Release|Any CPU
		{4EF538E6-CE2C-4125-ACE8-83D4A9756491}.Release|Any CPU.Build.0 = Release|Any CPU
		{18C3ABB0-E98A-4F60-8A6D-68B811DDC8F8}.Debug|Any CPU.ActiveCfg = Debug|Any CPU
		{18C3ABB0-E98A-4F60-8A6D-68B811DDC8F8}.Debug|Any CPU.Build.0 = Debug|Any CPU
		{18C3ABB0-E98A-4F60-8A6D-68B811DDC8F8}.Release|Any CPU.ActiveCfg = Release|Any CPU
		{18C3ABB0-E98A-4F60-8A6D-68B811DDC8F8}.Release|Any CPU.Build.0 = Release|Any CPU
		{A47C0D20-17D8-4B63-BE9A-F1F14CA4A64D}.Debug|Any CPU.ActiveCfg = Debug|Any CPU
		{A47C0D20-17D8-4B63-BE9A-F1F14CA4A64D}.Debug|Any CPU.Build.0 = Debug|Any CPU
		{A47C0D20-17D8-4B63-BE9A-F1F14CA4A64D}.Release|Any CPU.ActiveCfg = Release|Any CPU
		{A47C0D20-17D8-4B63-BE9A-F1F14CA4A64D}.Release|Any CPU.Build.0 = Release|Any CPU
		{B7AC38A9-718C-4102-8862-D50FDD897B31}.Debug|Any CPU.ActiveCfg = Debug|Any CPU
		{B7AC38A9-718C-4102-8862-D50FDD897B31}.Debug|Any CPU.Build.0 = Debug|Any CPU
		{B7AC38A9-718C-4102-8862-D50FDD897B31}.Release|Any CPU.ActiveCfg = Release|Any CPU
		{B7AC38A9-718C-4102-8862-D50FDD897B31}.Release|Any CPU.Build.0 = Release|Any CPU
		{51F474F7-2443-496B-AFC5-ABA7BCBA5FA1}.Debug|Any CPU.ActiveCfg = Debug|Any CPU
		{51F474F7-2443-496B-AFC5-ABA7BCBA5FA1}.Debug|Any CPU.Build.0 = Debug|Any CPU
		{51F474F7-2443-496B-AFC5-ABA7BCBA5FA1}.Release|Any CPU.ActiveCfg = Release|Any CPU
		{51F474F7-2443-496B-AFC5-ABA7BCBA5FA1}.Release|Any CPU.Build.0 = Release|Any CPU
	EndGlobalSection
	GlobalSection(SolutionProperties) = preSolution
		HideSolutionNode = FALSE
	EndGlobalSection
	GlobalSection(NestedProjects) = preSolution
		{CA55A116-6AA7-4222-9686-2D57B4CD5E58} = {65ACE60B-F696-4842-B8B2-1B8E7AC91642}
		{1D579956-B6C4-4FBF-BAC9-E749EA8C8662} = {B1F5C43A-0715-410E-9469-E3DBE8D729D4}
		{1A1B92B9-47D6-4F20-9F29-9E009B817ADF} = {65ACE60B-F696-4842-B8B2-1B8E7AC91642}
		{3D0B14FF-253A-435E-9031-673C7F672067} = {B1F5C43A-0715-410E-9469-E3DBE8D729D4}
		{52315771-8889-4DB8-BAE1-48A420728D49} = {65ACE60B-F696-4842-B8B2-1B8E7AC91642}
		{E361EAE2-D408-4DDA-ABD3-81AF3CCBF612} = {B1F5C43A-0715-410E-9469-E3DBE8D729D4}
		{4EF538E6-CE2C-4125-ACE8-83D4A9756491} = {C43E57B7-4545-4911-9885-BFD6D08211AE}
		{18C3ABB0-E98A-4F60-8A6D-68B811DDC8F8} = {C43E57B7-4545-4911-9885-BFD6D08211AE}
		{A47C0D20-17D8-4B63-BE9A-F1F14CA4A64D} = {C43E57B7-4545-4911-9885-BFD6D08211AE}
		{B7AC38A9-718C-4102-8862-D50FDD897B31} = {C43E57B7-4545-4911-9885-BFD6D08211AE}
	EndGlobalSection
	GlobalSection(ExtensibilityGlobals) = postSolution
		SolutionGuid = {461CA009-4250-461E-8FC0-7C026864E6F6}
	EndGlobalSection
EndGlobal
